
Microsoft Visual Studio Solution File, Format Version 12.00
# Visual Studio Version 16
VisualStudioVersion = 16.0.28803.452
MinimumVisualStudioVersion = 10.0.40219.1
Project("{FAE04EC0-301F-11D3-BF4B-00C04F79EFBC}") = "DesignPattern_Composite", "DesignPattern_Composite.csproj", "{AE915E62-5265-41DC-812A-B9646BE8CA56}"
EndProject
Global
	GlobalSection(SolutionConfigurationPlatforms) = preSolution
		Debug|Any CPU = Debug|Any CPU
		Release|Any CPU = Release|Any CPU
	EndGlobalSection
	GlobalSection(ProjectConfigurationPlatforms) = postSolution
		{AE915E62-5265-41DC-812A-B9646BE8CA56}.Debug|Any CPU.ActiveCfg = Debug|Any CPU
		{AE915E62-5265-41DC-812A-B9646BE8CA56}.Debug|Any CPU.Build.0 = Debug|Any CPU
		{AE915E62-5265-41DC-812A-B9646BE8CA56}.Release|Any CPU.ActiveCfg = Release|Any CPU
		{AE915E62-5265-41DC-812A-B9646BE8CA56}.Release|Any CPU.Build.0 = Release|Any CPU
	EndGlobalSection
	GlobalSection(SolutionProperties) = preSolution
		HideSolutionNode = FALSE
	EndGlobalSection
	GlobalSection(ExtensibilityGlobals) = postSolution
		SolutionGuid = {F24DDC14-14F5-431E-9FCE-531B37989C46}
	EndGlobalSection
EndGlobal
